
Microsoft Visual Studio Solution File, Format Version 12.00
# Visual Studio Version 16
VisualStudioVersion = 16.0.33214.272
MinimumVisualStudioVersion = 10.0.40219.1
Project("{FAE04EC0-301F-11D3-BF4B-00C04F79EFBC}") = "SCDI", "SCDI\SCDI.csproj", "{5129AACD-42A8-42B4-972A-1A769CC3C6C6}"
EndProject
Project("{FAE04EC0-301F-11D3-BF4B-00C04F79EFBC}") = "DataManager", "DataManager\DataManager.csproj", "{F8C314F7-9AEA-4527-9983-6A90FA92F1C6}"
EndProject
Project("{FAE04EC0-301F-11D3-BF4B-00C04F79EFBC}") = "SessionManager", "SessionManager\SessionManager.csproj", "{DE3373B4-20C5-4FB5-A2DF-4BEB2E4DCAA0}"
EndProject
Project("{FAE04EC0-301F-11D3-BF4B-00C04F79EFBC}") = "General", "General\General.csproj", "{26F01BE9-34FF-4E31-8CC0-29014DDC2A27}"
EndProject
Project("{FAE04EC0-301F-11D3-BF4B-00C04F79EFBC}") = "Reportes", "Reportes\Reportes.csproj", "{D762ED06-826E-45E7-8F71-5BB9ECBE085E}"
EndProject
Project("{FAE04EC0-301F-11D3-BF4B-00C04F79EFBC}") = "Salidas", "Salidas\Salidas.csproj", "{840B874B-F3A0-4960-8B31-A2EFAA1A0A34}"
EndProject
Project("{FAE04EC0-301F-11D3-BF4B-00C04F79EFBC}") = "Entradas", "Entradas\Entradas.csproj", "{4583A341-0505-4801-983B-49325F497529}"
EndProject
Project("{FAE04EC0-301F-11D3-BF4B-00C04F79EFBC}") = "FormulariosAux", "FormulariosAux\FormulariosAux.csproj", "{23AB8B0F-1F3D-4354-B5C9-B36CCE413651}"
EndProject
Project("{FAE04EC0-301F-11D3-BF4B-00C04F79EFBC}") = "Inventario", "Inventario\Inventario.csproj", "{754581D6-0E10-4D4F-9D15-831D9ADB3D8F}"
EndProject
Project("{FAE04EC0-301F-11D3-BF4B-00C04F79EFBC}") = "Utilidades", "Utilidades\Utilidades.csproj", "{FEA05B79-5EF2-4344-AA90-77DA774C62C1}"
EndProject
Global
	GlobalSection(SolutionConfigurationPlatforms) = preSolution
		Debug|Any CPU = Debug|Any CPU
		Release|Any CPU = Release|Any CPU
	EndGlobalSection
	GlobalSection(ProjectConfigurationPlatforms) = postSolution
		{5129AACD-42A8-42B4-972A-1A769CC3C6C6}.Debug|Any CPU.ActiveCfg = Debug|Any CPU
		{5129AACD-42A8-42B4-972A-1A769CC3C6C6}.Debug|Any CPU.Build.0 = Debug|Any CPU
		{5129AACD-42A8-42B4-972A-1A769CC3C6C6}.Release|Any CPU.ActiveCfg = Release|Any CPU
		{5129AACD-42A8-42B4-972A-1A769CC3C6C6}.Release|Any CPU.Build.0 = Release|Any CPU
		{F8C314F7-9AEA-4527-9983-6A90FA92F1C6}.Debug|Any CPU.ActiveCfg = Debug|Any CPU
		{F8C314F7-9AEA-4527-9983-6A90FA92F1C6}.Debug|Any CPU.Build.0 = Debug|Any CPU
		{F8C314F7-9AEA-4527-9983-6A90FA92F1C6}.Release|Any CPU.ActiveCfg = Release|Any CPU
		{F8C314F7-9AEA-4527-9983-6A90FA92F1C6}.Release|Any CPU.Build.0 = Release|Any CPU
		{DE3373B4-20C5-4FB5-A2DF-4BEB2E4DCAA0}.Debug|Any CPU.ActiveCfg = Debug|Any CPU
		{DE3373B4-20C5-4FB5-A2DF-4BEB2E4DCAA0}.Debug|Any CPU.Build.0 = Debug|Any CPU
		{DE3373B4-20C5-4FB5-A2DF-4BEB2E4DCAA0}.Release|Any CPU.ActiveCfg = Release|Any CPU
		{DE3373B4-20C5-4FB5-A2DF-4BEB2E4DCAA0}.Release|Any CPU.Build.0 = Release|Any CPU
		{26F01BE9-34FF-4E31-8CC0-29014DDC2A27}.Debug|Any CPU.ActiveCfg = Debug|Any CPU
		{26F01BE9-34FF-4E31-8CC0-29014DDC2A27}.Debug|Any CPU.Build.0 = Debug|Any CPU
		{26F01BE9-34FF-4E31-8CC0-29014DDC2A27}.Release|Any CPU.ActiveCfg = Release|Any CPU
		{26F01BE9-34FF-4E31-8CC0-29014DDC2A27}.Release|Any CPU.Build.0 = Release|Any CPU
		{D762ED06-826E-45E7-8F71-5BB9ECBE085E}.Debug|Any CPU.ActiveCfg = Debug|Any CPU
		{D762ED06-826E-45E7-8F71-5BB9ECBE085E}.Debug|Any CPU.Build.0 = Debug|Any CPU
		{D762ED06-826E-45E7-8F71-5BB9ECBE085E}.Release|Any CPU.ActiveCfg = Release|Any CPU
		{D762ED06-826E-45E7-8F71-5BB9ECBE085E}.Release|Any CPU.Build.0 = Release|Any CPU
		{840B874B-F3A0-4960-8B31-A2EFAA1A0A34}.Debug|Any CPU.ActiveCfg = Debug|Any CPU
		{840B874B-F3A0-4960-8B31-A2EFAA1A0A34}.Debug|Any CPU.Build.0 = Debug|Any CPU
		{840B874B-F3A0-4960-8B31-A2EFAA1A0A34}.Release|Any CPU.ActiveCfg = Release|Any CPU
		{840B874B-F3A0-4960-8B31-A2EFAA1A0A34}.Release|Any CPU.Build.0 = Release|Any CPU
		{4583A341-0505-4801-983B-49325F497529}.Debug|Any CPU.ActiveCfg = Debug|Any CPU
		{4583A341-0505-4801-983B-49325F497529}.Debug|Any CPU.Build.0 = Debug|Any CPU
		{4583A341-0505-4801-983B-49325F497529}.Release|Any CPU.ActiveCfg = Release|Any CPU
		{4583A341-0505-4801-983B-49325F497529}.Release|Any CPU.Build.0 = Release|Any CPU
		{23AB8B0F-1F3D-4354-B5C9-B36CCE413651}.Debug|Any CPU.ActiveCfg = Debug|Any CPU
		{23AB8B0F-1F3D-4354-B5C9-B36CCE413651}.Debug|Any CPU.Build.0 = Debug|Any CPU
		{23AB8B0F-1F3D-4354-B5C9-B36CCE413651}.Release|Any CPU.ActiveCfg = Release|Any CPU
		{23AB8B0F-1F3D-4354-B5C9-B36CCE413651}.Release|Any CPU.Build.0 = Release|Any CPU
		{754581D6-0E10-4D4F-9D15-831D9ADB3D8F}.Debug|Any CPU.ActiveCfg = Debug|Any CPU
		{754581D6-0E10-4D4F-9D15-831D9ADB3D8F}.Debug|Any CPU.Build.0 = Debug|Any CPU
		{754581D6-0E10-4D4F-9D15-831D9ADB3D8F}.Release|Any CPU.ActiveCfg = Release|Any CPU
		{754581D6-0E10-4D4F-9D15-831D9ADB3D8F}.Release|Any CPU.Build.0 = Release|Any CPU
		{FEA05B79-5EF2-4344-AA90-77DA774C62C1}.Debug|Any CPU.ActiveCfg = Debug|Any CPU
		{FEA05B79-5EF2-4344-AA90-77DA774C62C1}.Debug|Any CPU.Build.0 = Debug|Any CPU
		{FEA05B79-5EF2-4344-AA90-77DA774C62C1}.Release|Any CPU.ActiveCfg = Release|Any CPU
		{FEA05B79-5EF2-4344-AA90-77DA774C62C1}.Release|Any CPU.Build.0 = Release|Any CPU
	EndGlobalSection
	GlobalSection(SolutionProperties) = preSolution
		HideSolutionNode = FALSE
	EndGlobalSection
	GlobalSection(ExtensibilityGlobals) = postSolution
		SolutionGuid = {8480951B-0F6C-4E95-9D4B-7AF4A9D2F311}
	EndGlobalSection
EndGlobal
